
Microsoft Visual Studio Solution File, Format Version 12.00
# Visual Studio Version 17
VisualStudioVersion = 17.0.32002.185
MinimumVisualStudioVersion = 10.0.40219.1
Project("{FAE04EC0-301F-11D3-BF4B-00C04F79EFBC}") = "PrimerParcial", "PrimerParcial.csproj", "{12D323CD-A4EA-4906-8068-027C5B927A84}"
EndProject
Global
	GlobalSection(SolutionConfigurationPlatforms) = preSolution
		Debug|Any CPU = Debug|Any CPU
		Release|Any CPU = Release|Any CPU
	EndGlobalSection
	GlobalSection(ProjectConfigurationPlatforms) = postSolution
		{12D323CD-A4EA-4906-8068-027C5B927A84}.Debug|Any CPU.ActiveCfg = Debug|Any CPU
		{12D323CD-A4EA-4906-8068-027C5B927A84}.Debug|Any CPU.Build.0 = Debug|Any CPU
		{12D323CD-A4EA-4906-8068-027C5B927A84}.Release|Any CPU.ActiveCfg = Release|Any CPU
		{12D323CD-A4EA-4906-8068-027C5B927A84}.Release|Any CPU.Build.0 = Release|Any CPU
	EndGlobalSection
	GlobalSection(SolutionProperties) = preSolution
		HideSolutionNode = FALSE
	EndGlobalSection
	GlobalSection(ExtensibilityGlobals) = postSolution
		SolutionGuid = {AE5334A6-D46A-4027-9489-B13C0802E90D}
	EndGlobalSection
EndGlobal
